// !$*UTF8*$!
{
	archiveVersion = 1;
	classes = {
	};
	objectVersion = 50;
	objects = {

/* Begin PBXBuildFile section */
		442DA7B221B4276800190CB5 /* TermsAndConditions.swift in Sources */ = {isa = PBXBuildFile; fileRef = 442DA7B121B4276800190CB5 /* TermsAndConditions.swift */; };
		442DA7B621B42AB800190CB5 /* terms-and-conditions.txt in Resources */ = {isa = PBXBuildFile; fileRef = 442DA7B521B42AB800190CB5 /* terms-and-conditions.txt */; };
		444B5572219DD65D00B4605F /* MessageTableViewCell.swift in Sources */ = {isa = PBXBuildFile; fileRef = 444B5571219DD65D00B4605F /* MessageTableViewCell.swift */; };
		4457FA9321986B0700EB193A /* ApplicationStepsVC.swift in Sources */ = {isa = PBXBuildFile; fileRef = 4457FA9221986B0700EB193A /* ApplicationStepsVC.swift */; };
		4458DC8F21A5BAC10063A925 /* UserProfileVC.swift in Sources */ = {isa = PBXBuildFile; fileRef = 4458DC8E21A5BAC10063A925 /* UserProfileVC.swift */; };
		4458DC9321A5BB900063A925 /* UserProfileHeader.swift in Sources */ = {isa = PBXBuildFile; fileRef = 4458DC9221A5BB900063A925 /* UserProfileHeader.swift */; };
		4458DC9521A5BC0F0063A925 /* PendingTaskCell.swift in Sources */ = {isa = PBXBuildFile; fileRef = 4458DC9421A5BC0F0063A925 /* PendingTaskCell.swift */; };
		4459239021988E9A0007DE11 /* CustomImageView.swift in Sources */ = {isa = PBXBuildFile; fileRef = 4459238F21988E9A0007DE11 /* CustomImageView.swift */; };
		44592392219895FD0007DE11 /* MainTabBarController.swift in Sources */ = {isa = PBXBuildFile; fileRef = 44592391219895FD0007DE11 /* MainTabBarController.swift */; };
		44592395219897460007DE11 /* JugglerProfileVC.swift in Sources */ = {isa = PBXBuildFile; fileRef = 44592394219897460007DE11 /* JugglerProfileVC.swift */; };
		44592399219898300007DE11 /* MessagesVC.swift in Sources */ = {isa = PBXBuildFile; fileRef = 44592398219898300007DE11 /* MessagesVC.swift */; };
		4459239D219898C80007DE11 /* ViewTasksVC.swift in Sources */ = {isa = PBXBuildFile; fileRef = 4459239C219898C80007DE11 /* ViewTasksVC.swift */; };
		445923A02198996E0007DE11 /* Juggler.swift in Sources */ = {isa = PBXBuildFile; fileRef = 4459239F2198996E0007DE11 /* Juggler.swift */; };
		445923A221989D830007DE11 /* ApplicationPendingVC.swift in Sources */ = {isa = PBXBuildFile; fileRef = 445923A121989D830007DE11 /* ApplicationPendingVC.swift */; };
		44597CF7219C1F3000AA1D23 /* TaskLocationMapVC.swift in Sources */ = {isa = PBXBuildFile; fileRef = 44597CF6219C1F3000AA1D23 /* TaskLocationMapVC.swift */; };
		44597CFA219C237B00AA1D23 /* ChatLogVC.swift in Sources */ = {isa = PBXBuildFile; fileRef = 44597CF9219C237B00AA1D23 /* ChatLogVC.swift */; };
		44597CFC219C243D00AA1D23 /* ChatMessageCell.swift in Sources */ = {isa = PBXBuildFile; fileRef = 44597CFB219C243D00AA1D23 /* ChatMessageCell.swift */; };
		44597CFE219C2CCC00AA1D23 /* Message.swift in Sources */ = {isa = PBXBuildFile; fileRef = 44597CFD219C2CCC00AA1D23 /* Message.swift */; };
		445B22902197641600C50ED0 /* Extensions.swift in Sources */ = {isa = PBXBuildFile; fileRef = 445B228F2197641600C50ED0 /* Extensions.swift */; };
		445B22922197654600C50ED0 /* Constants.swift in Sources */ = {isa = PBXBuildFile; fileRef = 445B22912197654600C50ED0 /* Constants.swift */; };
		445B22942197665300C50ED0 /* SignupVC.swift in Sources */ = {isa = PBXBuildFile; fileRef = 445B22932197665300C50ED0 /* SignupVC.swift */; };
		445B2297219766DF00C50ED0 /* SignupRequirementsVC.swift in Sources */ = {isa = PBXBuildFile; fileRef = 445B2296219766DF00C50ED0 /* SignupRequirementsVC.swift */; };
		4464038E219B559000D201A4 /* JugglerProfileHeaderCell.swift in Sources */ = {isa = PBXBuildFile; fileRef = 4464038D219B559000D201A4 /* JugglerProfileHeaderCell.swift */; };
		4466F2D321A04E1E00E0A8AC /* AcceptedTaskCell.swift in Sources */ = {isa = PBXBuildFile; fileRef = 4466F2D221A04E1E00E0A8AC /* AcceptedTaskCell.swift */; };
		44835B6821A1A96000FDF2AA /* CompletedTaskCell.swift in Sources */ = {isa = PBXBuildFile; fileRef = 44835B6721A1A96000FDF2AA /* CompletedTaskCell.swift */; };
		44835B6E21A1CAA400FDF2AA /* Review.swift in Sources */ = {isa = PBXBuildFile; fileRef = 44835B6D21A1CAA400FDF2AA /* Review.swift */; };
		44835B7221A1CD2900FDF2AA /* ReviewCell.swift in Sources */ = {isa = PBXBuildFile; fileRef = 44835B7121A1CD2800FDF2AA /* ReviewCell.swift */; };
		448695C321974C260018B119 /* AppDelegate.swift in Sources */ = {isa = PBXBuildFile; fileRef = 448695C221974C260018B119 /* AppDelegate.swift */; };
		448695C521974C260018B119 /* LoginVC.swift in Sources */ = {isa = PBXBuildFile; fileRef = 448695C421974C260018B119 /* LoginVC.swift */; };
		448695C821974C260018B119 /* Main.storyboard in Resources */ = {isa = PBXBuildFile; fileRef = 448695C621974C260018B119 /* Main.storyboard */; };
		448695CA21974C270018B119 /* Assets.xcassets in Resources */ = {isa = PBXBuildFile; fileRef = 448695C921974C270018B119 /* Assets.xcassets */; };
		448695CD21974C270018B119 /* LaunchScreen.storyboard in Resources */ = {isa = PBXBuildFile; fileRef = 448695CB21974C270018B119 /* LaunchScreen.storyboard */; };
		448695D521974CE60018B119 /* GoogleService-Info.plist in Resources */ = {isa = PBXBuildFile; fileRef = 448695D421974CE60018B119 /* GoogleService-Info.plist */; };
		449A6190219B65E4004E55BD /* ChooseTaskCategoryHeadereCell.swift in Sources */ = {isa = PBXBuildFile; fileRef = 449A618F219B65E4004E55BD /* ChooseTaskCategoryHeadereCell.swift */; };
		449A6192219B686F004E55BD /* Task.swift in Sources */ = {isa = PBXBuildFile; fileRef = 449A6191219B686F004E55BD /* Task.swift */; };
		449A6195219B6DC8004E55BD /* TaskCell.swift in Sources */ = {isa = PBXBuildFile; fileRef = 449A6194219B6DC8004E55BD /* TaskCell.swift */; };
		449A6197219B6E8A004E55BD /* User.swift in Sources */ = {isa = PBXBuildFile; fileRef = 449A6196219B6E8A004E55BD /* User.swift */; };
		449A6199219B756F004E55BD /* TaskDetailsVC.swift in Sources */ = {isa = PBXBuildFile; fileRef = 449A6198219B756F004E55BD /* TaskDetailsVC.swift */; };
		DDFD72443969D989F459FAF1 /* Pods_Juggler_LITU.framework in Frameworks */ = {isa = PBXBuildFile; fileRef = B7D0A725567A4ED0C55E8F10 /* Pods_Juggler_LITU.framework */; };
/* End PBXBuildFile section */

/* Begin PBXFileReference section */
		442DA7B121B4276800190CB5 /* TermsAndConditions.swift */ = {isa = PBXFileReference; lastKnownFileType = sourcecode.swift; path = TermsAndConditions.swift; sourceTree = "<group>"; };
		442DA7B521B42AB800190CB5 /* terms-and-conditions.txt */ = {isa = PBXFileReference; lastKnownFileType = text; path = "terms-and-conditions.txt"; sourceTree = "<group>"; };
		444B5571219DD65D00B4605F /* MessageTableViewCell.swift */ = {isa = PBXFileReference; lastKnownFileType = sourcecode.swift; path = MessageTableViewCell.swift; sourceTree = "<group>"; };
		4457FA9221986B0700EB193A /* ApplicationStepsVC.swift */ = {isa = PBXFileReference; lastKnownFileType = sourcecode.swift; path = ApplicationStepsVC.swift; sourceTree = "<group>"; };
		4458DC8E21A5BAC10063A925 /* UserProfileVC.swift */ = {isa = PBXFileReference; lastKnownFileType = sourcecode.swift; path = UserProfileVC.swift; sourceTree = "<group>"; };
		4458DC9221A5BB900063A925 /* UserProfileHeader.swift */ = {isa = PBXFileReference; lastKnownFileType = sourcecode.swift; path = UserProfileHeader.swift; sourceTree = "<group>"; };
		4458DC9421A5BC0F0063A925 /* PendingTaskCell.swift */ = {isa = PBXFileReference; lastKnownFileType = sourcecode.swift; path = PendingTaskCell.swift; sourceTree = "<group>"; };
		4459238F21988E9A0007DE11 /* CustomImageView.swift */ = {isa = PBXFileReference; lastKnownFileType = sourcecode.swift; path = CustomImageView.swift; sourceTree = "<group>"; };
		44592391219895FD0007DE11 /* MainTabBarController.swift */ = {isa = PBXFileReference; lastKnownFileType = sourcecode.swift; path = MainTabBarController.swift; sourceTree = "<group>"; };
		44592394219897460007DE11 /* JugglerProfileVC.swift */ = {isa = PBXFileReference; lastKnownFileType = sourcecode.swift; path = JugglerProfileVC.swift; sourceTree = "<group>"; };
		44592398219898300007DE11 /* MessagesVC.swift */ = {isa = PBXFileReference; lastKnownFileType = sourcecode.swift; path = MessagesVC.swift; sourceTree = "<group>"; };
		4459239C219898C80007DE11 /* ViewTasksVC.swift */ = {isa = PBXFileReference; lastKnownFileType = sourcecode.swift; path = ViewTasksVC.swift; sourceTree = "<group>"; };
		4459239F2198996E0007DE11 /* Juggler.swift */ = {isa = PBXFileReference; lastKnownFileType = sourcecode.swift; path = Juggler.swift; sourceTree = "<group>"; };
		445923A121989D830007DE11 /* ApplicationPendingVC.swift */ = {isa = PBXFileReference; lastKnownFileType = sourcecode.swift; path = ApplicationPendingVC.swift; sourceTree = "<group>"; };
		44597CF6219C1F3000AA1D23 /* TaskLocationMapVC.swift */ = {isa = PBXFileReference; lastKnownFileType = sourcecode.swift; path = TaskLocationMapVC.swift; sourceTree = "<group>"; };
		44597CF9219C237B00AA1D23 /* ChatLogVC.swift */ = {isa = PBXFileReference; lastKnownFileType = sourcecode.swift; path = ChatLogVC.swift; sourceTree = "<group>"; };
		44597CFB219C243D00AA1D23 /* ChatMessageCell.swift */ = {isa = PBXFileReference; lastKnownFileType = sourcecode.swift; path = ChatMessageCell.swift; sourceTree = "<group>"; };
		44597CFD219C2CCC00AA1D23 /* Message.swift */ = {isa = PBXFileReference; lastKnownFileType = sourcecode.swift; path = Message.swift; sourceTree = "<group>"; };
		445B228F2197641600C50ED0 /* Extensions.swift */ = {isa = PBXFileReference; lastKnownFileType = sourcecode.swift; path = Extensions.swift; sourceTree = "<group>"; };
		445B22912197654600C50ED0 /* Constants.swift */ = {isa = PBXFileReference; lastKnownFileType = sourcecode.swift; path = Constants.swift; sourceTree = "<group>"; };
		445B22932197665300C50ED0 /* SignupVC.swift */ = {isa = PBXFileReference; lastKnownFileType = sourcecode.swift; path = SignupVC.swift; sourceTree = "<group>"; };
		445B2296219766DF00C50ED0 /* SignupRequirementsVC.swift */ = {isa = PBXFileReference; lastKnownFileType = sourcecode.swift; path = SignupRequirementsVC.swift; sourceTree = "<group>"; };
		4464038D219B559000D201A4 /* JugglerProfileHeaderCell.swift */ = {isa = PBXFileReference; lastKnownFileType = sourcecode.swift; path = JugglerProfileHeaderCell.swift; sourceTree = "<group>"; };
		4466F2D221A04E1E00E0A8AC /* AcceptedTaskCell.swift */ = {isa = PBXFileReference; lastKnownFileType = sourcecode.swift; path = AcceptedTaskCell.swift; sourceTree = "<group>"; };
		44835B6721A1A96000FDF2AA /* CompletedTaskCell.swift */ = {isa = PBXFileReference; lastKnownFileType = sourcecode.swift; path = CompletedTaskCell.swift; sourceTree = "<group>"; };
		44835B6D21A1CAA400FDF2AA /* Review.swift */ = {isa = PBXFileReference; lastKnownFileType = sourcecode.swift; path = Review.swift; sourceTree = "<group>"; };
		44835B7121A1CD2800FDF2AA /* ReviewCell.swift */ = {isa = PBXFileReference; lastKnownFileType = sourcecode.swift; path = ReviewCell.swift; sourceTree = "<group>"; };
		448695BF21974C260018B119 /* Juggler-LITU.app */ = {isa = PBXFileReference; explicitFileType = wrapper.application; includeInIndex = 0; path = "Juggler-LITU.app"; sourceTree = BUILT_PRODUCTS_DIR; };
		448695C221974C260018B119 /* AppDelegate.swift */ = {isa = PBXFileReference; lastKnownFileType = sourcecode.swift; path = AppDelegate.swift; sourceTree = "<group>"; };
		448695C421974C260018B119 /* LoginVC.swift */ = {isa = PBXFileReference; lastKnownFileType = sourcecode.swift; path = LoginVC.swift; sourceTree = "<group>"; };
		448695C721974C260018B119 /* Base */ = {isa = PBXFileReference; lastKnownFileType = file.storyboard; name = Base; path = Base.lproj/Main.storyboard; sourceTree = "<group>"; };
		448695C921974C270018B119 /* Assets.xcassets */ = {isa = PBXFileReference; lastKnownFileType = folder.assetcatalog; path = Assets.xcassets; sourceTree = "<group>"; };
		448695CC21974C270018B119 /* Base */ = {isa = PBXFileReference; lastKnownFileType = file.storyboard; name = Base; path = Base.lproj/LaunchScreen.storyboard; sourceTree = "<group>"; };
		448695CE21974C270018B119 /* Info.plist */ = {isa = PBXFileReference; lastKnownFileType = text.plist.xml; path = Info.plist; sourceTree = "<group>"; };
		448695D421974CE60018B119 /* GoogleService-Info.plist */ = {isa = PBXFileReference; fileEncoding = 4; lastKnownFileType = text.plist.xml; path = "GoogleService-Info.plist"; sourceTree = "<group>"; };
		449A618F219B65E4004E55BD /* ChooseTaskCategoryHeadereCell.swift */ = {isa = PBXFileReference; lastKnownFileType = sourcecode.swift; path = ChooseTaskCategoryHeadereCell.swift; sourceTree = "<group>"; };
		449A6191219B686F004E55BD /* Task.swift */ = {isa = PBXFileReference; lastKnownFileType = sourcecode.swift; path = Task.swift; sourceTree = "<group>"; };
		449A6194219B6DC8004E55BD /* TaskCell.swift */ = {isa = PBXFileReference; lastKnownFileType = sourcecode.swift; path = TaskCell.swift; sourceTree = "<group>"; };
		449A6196219B6E8A004E55BD /* User.swift */ = {isa = PBXFileReference; lastKnownFileType = sourcecode.swift; path = User.swift; sourceTree = "<group>"; };
		449A6198219B756F004E55BD /* TaskDetailsVC.swift */ = {isa = PBXFileReference; lastKnownFileType = sourcecode.swift; path = TaskDetailsVC.swift; sourceTree = "<group>"; };
		A18BDA98CEE1A7498F206F22 /* Pods-Juggler-LITU.release.xcconfig */ = {isa = PBXFileReference; includeInIndex = 1; lastKnownFileType = text.xcconfig; name = "Pods-Juggler-LITU.release.xcconfig"; path = "Pods/Target Support Files/Pods-Juggler-LITU/Pods-Juggler-LITU.release.xcconfig"; sourceTree = "<group>"; };
		B7D0A725567A4ED0C55E8F10 /* Pods_Juggler_LITU.framework */ = {isa = PBXFileReference; explicitFileType = wrapper.framework; includeInIndex = 0; path = Pods_Juggler_LITU.framework; sourceTree = BUILT_PRODUCTS_DIR; };
		CF2A1CFA3A599861B1A7AB7F /* Pods-Juggler-LITU.debug.xcconfig */ = {isa = PBXFileReference; includeInIndex = 1; lastKnownFileType = text.xcconfig; name = "Pods-Juggler-LITU.debug.xcconfig"; path = "Pods/Target Support Files/Pods-Juggler-LITU/Pods-Juggler-LITU.debug.xcconfig"; sourceTree = "<group>"; };
/* End PBXFileReference section */

/* Begin PBXFrameworksBuildPhase section */
		448695BC21974C260018B119 /* Frameworks */ = {
			isa = PBXFrameworksBuildPhase;
			buildActionMask = 2147483647;
			files = (
				DDFD72443969D989F459FAF1 /* Pods_Juggler_LITU.framework in Frameworks */,
			);
			runOnlyForDeploymentPostprocessing = 0;
		};
/* End PBXFrameworksBuildPhase section */

/* Begin PBXGroup section */
		29105FAFA0034D8B13ADF27C /* Pods */ = {
			isa = PBXGroup;
			children = (
				CF2A1CFA3A599861B1A7AB7F /* Pods-Juggler-LITU.debug.xcconfig */,
				A18BDA98CEE1A7498F206F22 /* Pods-Juggler-LITU.release.xcconfig */,
			);
			name = Pods;
			sourceTree = "<group>";
		};
		3D8A55605FBE615F65684C97 /* Frameworks */ = {
			isa = PBXGroup;
			children = (
				B7D0A725567A4ED0C55E8F10 /* Pods_Juggler_LITU.framework */,
			);
			name = Frameworks;
			sourceTree = "<group>";
		};
		4459238E2198893B0007DE11 /* Login */ = {
			isa = PBXGroup;
			children = (
				448695C421974C260018B119 /* LoginVC.swift */,
			);
			path = Login;
			sourceTree = "<group>";
		};
		44592393219897270007DE11 /* Profiles */ = {
			isa = PBXGroup;
			children = (
				44592396219897560007DE11 /* JugglerProfile */,
				44597CF5219C1ED900AA1D23 /* UserProfile */,
				4466F2D421A072D800E0A8AC /* MutualCells */,
			);
			path = Profiles;
			sourceTree = "<group>";
		};
		44592396219897560007DE11 /* JugglerProfile */ = {
			isa = PBXGroup;
			children = (
				44592394219897460007DE11 /* JugglerProfileVC.swift */,
				4464038D219B559000D201A4 /* JugglerProfileHeaderCell.swift */,
				44835B7121A1CD2800FDF2AA /* ReviewCell.swift */,
			);
			path = JugglerProfile;
			sourceTree = "<group>";
		};
		44592397219898130007DE11 /* Messages */ = {
			isa = PBXGroup;
			children = (
				44592398219898300007DE11 /* MessagesVC.swift */,
				444B5571219DD65D00B4605F /* MessageTableViewCell.swift */,
				44597CF9219C237B00AA1D23 /* ChatLogVC.swift */,
				44597CFB219C243D00AA1D23 /* ChatMessageCell.swift */,
			);
			path = Messages;
			sourceTree = "<group>";
		};
		4459239B219898970007DE11 /* ViewTasks */ = {
			isa = PBXGroup;
			children = (
				4459239C219898C80007DE11 /* ViewTasksVC.swift */,
				449A618F219B65E4004E55BD /* ChooseTaskCategoryHeadereCell.swift */,
				449A6194219B6DC8004E55BD /* TaskCell.swift */,
			);
			path = ViewTasks;
			sourceTree = "<group>";
		};
		4459239E2198995E0007DE11 /* Models */ = {
			isa = PBXGroup;
			children = (
				4459239F2198996E0007DE11 /* Juggler.swift */,
				449A6191219B686F004E55BD /* Task.swift */,
				449A6196219B6E8A004E55BD /* User.swift */,
				44597CFD219C2CCC00AA1D23 /* Message.swift */,
				44835B6D21A1CAA400FDF2AA /* Review.swift */,
			);
			path = Models;
			sourceTree = "<group>";
		};
		44597CF5219C1ED900AA1D23 /* UserProfile */ = {
			isa = PBXGroup;
			children = (
				4458DC8E21A5BAC10063A925 /* UserProfileVC.swift */,
				4458DC9221A5BB900063A925 /* UserProfileHeader.swift */,
				4458DC9421A5BC0F0063A925 /* PendingTaskCell.swift */,
			);
			path = UserProfile;
			sourceTree = "<group>";
		};
		445B228B2197620800C50ED0 /* SupportingFiles */ = {
			isa = PBXGroup;
			children = (
				448695D421974CE60018B119 /* GoogleService-Info.plist */,
			);
			path = SupportingFiles;
			sourceTree = "<group>";
		};
		445B228C2197621A00C50ED0 /* Views */ = {
			isa = PBXGroup;
			children = (
				448695CB21974C270018B119 /* LaunchScreen.storyboard */,
				448695C621974C260018B119 /* Main.storyboard */,
				448695C921974C270018B119 /* Assets.xcassets */,
			);
			path = Views;
			sourceTree = "<group>";
		};
		445B228D2197630A00C50ED0 /* Login-Signup */ = {
			isa = PBXGroup;
			children = (
				4459238E2198893B0007DE11 /* Login */,
				445B2295219766C700C50ED0 /* Signup */,
			);
			path = "Login-Signup";
			sourceTree = "<group>";
		};
		445B228E2197640700C50ED0 /* Utilities */ = {
			isa = PBXGroup;
			children = (
				445B228F2197641600C50ED0 /* Extensions.swift */,
				445B22912197654600C50ED0 /* Constants.swift */,
				4459238F21988E9A0007DE11 /* CustomImageView.swift */,
				442DA7B521B42AB800190CB5 /* terms-and-conditions.txt */,
			);
			path = Utilities;
			sourceTree = "<group>";
		};
		445B2295219766C700C50ED0 /* Signup */ = {
			isa = PBXGroup;
			children = (
				4457FA9221986B0700EB193A /* ApplicationStepsVC.swift */,
				445B2296219766DF00C50ED0 /* SignupRequirementsVC.swift */,
				445B22932197665300C50ED0 /* SignupVC.swift */,
				442DA7B121B4276800190CB5 /* TermsAndConditions.swift */,
			);
			path = Signup;
			sourceTree = "<group>";
		};
		4466F2D421A072D800E0A8AC /* MutualCells */ = {
			isa = PBXGroup;
			children = (
				4466F2D221A04E1E00E0A8AC /* AcceptedTaskCell.swift */,
				44835B6721A1A96000FDF2AA /* CompletedTaskCell.swift */,
			);
			path = MutualCells;
			sourceTree = "<group>";
		};
		448695B621974C260018B119 = {
			isa = PBXGroup;
			children = (
				448695C121974C260018B119 /* Juggler-LITU */,
				448695C021974C260018B119 /* Products */,
				29105FAFA0034D8B13ADF27C /* Pods */,
				3D8A55605FBE615F65684C97 /* Frameworks */,
			);
			sourceTree = "<group>";
		};
		448695C021974C260018B119 /* Products */ = {
			isa = PBXGroup;
			children = (
				448695BF21974C260018B119 /* Juggler-LITU.app */,
			);
			name = Products;
			sourceTree = "<group>";
		};
		448695C121974C260018B119 /* Juggler-LITU */ = {
			isa = PBXGroup;
			children = (
				448695C221974C260018B119 /* AppDelegate.swift */,
				44592391219895FD0007DE11 /* MainTabBarController.swift */,
				445B228E2197640700C50ED0 /* Utilities */,
				4459239E2198995E0007DE11 /* Models */,
				445B228D2197630A00C50ED0 /* Login-Signup */,
				44592393219897270007DE11 /* Profiles */,
				44592397219898130007DE11 /* Messages */,
				449A6193219B6DA4004E55BD /* Tasks */,
				448A7D30219A1DE7003B0059 /* ApplicationPending */,
				445B228C2197621A00C50ED0 /* Views */,
				448695CE21974C270018B119 /* Info.plist */,
				445B228B2197620800C50ED0 /* SupportingFiles */,
			);
			path = "Juggler-LITU";
			sourceTree = "<group>";
		};
		448A7D30219A1DE7003B0059 /* ApplicationPending */ = {
			isa = PBXGroup;
			children = (
				445923A121989D830007DE11 /* ApplicationPendingVC.swift */,
			);
			path = ApplicationPending;
			sourceTree = "<group>";
		};
		449A6193219B6DA4004E55BD /* Tasks */ = {
			isa = PBXGroup;
			children = (
				449A6198219B756F004E55BD /* TaskDetailsVC.swift */,
				4459239B219898970007DE11 /* ViewTasks */,
				44597CF6219C1F3000AA1D23 /* TaskLocationMapVC.swift */,
			);
			path = Tasks;
			sourceTree = "<group>";
		};
/* End PBXGroup section */

/* Begin PBXNativeTarget section */
		448695BE21974C260018B119 /* Juggler-LITU */ = {
			isa = PBXNativeTarget;
			buildConfigurationList = 448695D121974C270018B119 /* Build configuration list for PBXNativeTarget "Juggler-LITU" */;
			buildPhases = (
				41DA5A7045CD7AFEAB08B0B6 /* [CP] Check Pods Manifest.lock */,
				448695BB21974C260018B119 /* Sources */,
				448695BC21974C260018B119 /* Frameworks */,
				448695BD21974C260018B119 /* Resources */,
				DED60C0BD5AC3107283594D0 /* [CP] Embed Pods Frameworks */,
			);
			buildRules = (
			);
			dependencies = (
			);
			name = "Juggler-LITU";
			productName = "Juggler-LITU";
			productReference = 448695BF21974C260018B119 /* Juggler-LITU.app */;
			productType = "com.apple.product-type.application";
		};
/* End PBXNativeTarget section */

/* Begin PBXProject section */
		448695B721974C260018B119 /* Project object */ = {
			isa = PBXProject;
			attributes = {
				LastSwiftUpdateCheck = 1010;
				LastUpgradeCheck = 1010;
				ORGANIZATIONNAME = "Nathaniel Remy";
				TargetAttributes = {
					448695BE21974C260018B119 = {
						CreatedOnToolsVersion = 10.1;
						LastSwiftMigration = 1020;
					};
				};
			};
			buildConfigurationList = 448695BA21974C260018B119 /* Build configuration list for PBXProject "Juggler-LITU" */;
			compatibilityVersion = "Xcode 9.3";
			developmentRegion = en;
			hasScannedForEncodings = 0;
			knownRegions = (
				en,
				Base,
			);
			mainGroup = 448695B621974C260018B119;
			productRefGroup = 448695C021974C260018B119 /* Products */;
			projectDirPath = "";
			projectRoot = "";
			targets = (
				448695BE21974C260018B119 /* Juggler-LITU */,
			);
		};
/* End PBXProject section */

/* Begin PBXResourcesBuildPhase section */
		448695BD21974C260018B119 /* Resources */ = {
			isa = PBXResourcesBuildPhase;
			buildActionMask = 2147483647;
			files = (
				448695CD21974C270018B119 /* LaunchScreen.storyboard in Resources */,
				448695D521974CE60018B119 /* GoogleService-Info.plist in Resources */,
				448695CA21974C270018B119 /* Assets.xcassets in Resources */,
				448695C821974C260018B119 /* Main.storyboard in Resources */,
				442DA7B621B42AB800190CB5 /* terms-and-conditions.txt in Resources */,
			);
			runOnlyForDeploymentPostprocessing = 0;
		};
/* End PBXResourcesBuildPhase section */

/* Begin PBXShellScriptBuildPhase section */
		41DA5A7045CD7AFEAB08B0B6 /* [CP] Check Pods Manifest.lock */ = {
			isa = PBXShellScriptBuildPhase;
			buildActionMask = 2147483647;
			files = (
			);
			inputPaths = (
				"${PODS_PODFILE_DIR_PATH}/Podfile.lock",
				"${PODS_ROOT}/Manifest.lock",
			);
			name = "[CP] Check Pods Manifest.lock";
			outputPaths = (
				"$(DERIVED_FILE_DIR)/Pods-Juggler-LITU-checkManifestLockResult.txt",
			);
			runOnlyForDeploymentPostprocessing = 0;
			shellPath = /bin/sh;
			shellScript = "diff \"${PODS_PODFILE_DIR_PATH}/Podfile.lock\" \"${PODS_ROOT}/Manifest.lock\" > /dev/null\nif [ $? != 0 ] ; then\n    # print error to STDERR\n    echo \"error: The sandbox is not in sync with the Podfile.lock. Run 'pod install' or update your CocoaPods installation.\" >&2\n    exit 1\nfi\n# This output is used by Xcode 'outputs' to avoid re-running this script phase.\necho \"SUCCESS\" > \"${SCRIPT_OUTPUT_FILE_0}\"\n";
			showEnvVarsInLog = 0;
		};
		DED60C0BD5AC3107283594D0 /* [CP] Embed Pods Frameworks */ = {
			isa = PBXShellScriptBuildPhase;
			buildActionMask = 2147483647;
			files = (
			);
			inputPaths = (
				"${SRCROOT}/Pods/Target Support Files/Pods-Juggler-LITU/Pods-Juggler-LITU-frameworks.sh",
				"${BUILT_PRODUCTS_DIR}/GTMSessionFetcher/GTMSessionFetcher.framework",
				"${BUILT_PRODUCTS_DIR}/GoogleToolboxForMac/GoogleToolboxForMac.framework",
				"${BUILT_PRODUCTS_DIR}/leveldb-library/leveldb.framework",
				"${BUILT_PRODUCTS_DIR}/nanopb/nanopb.framework",
			);
			name = "[CP] Embed Pods Frameworks";
			outputPaths = (
				"${TARGET_BUILD_DIR}/${FRAMEWORKS_FOLDER_PATH}/GTMSessionFetcher.framework",
				"${TARGET_BUILD_DIR}/${FRAMEWORKS_FOLDER_PATH}/GoogleToolboxForMac.framework",
				"${TARGET_BUILD_DIR}/${FRAMEWORKS_FOLDER_PATH}/leveldb.framework",
				"${TARGET_BUILD_DIR}/${FRAMEWORKS_FOLDER_PATH}/nanopb.framework",
			);
			runOnlyForDeploymentPostprocessing = 0;
			shellPath = /bin/sh;
			shellScript = "\"${SRCROOT}/Pods/Target Support Files/Pods-Juggler-LITU/Pods-Juggler-LITU-frameworks.sh\"\n";
			showEnvVarsInLog = 0;
		};
/* End PBXShellScriptBuildPhase section */

/* Begin PBXSourcesBuildPhase section */
		448695BB21974C260018B119 /* Sources */ = {
			isa = PBXSourcesBuildPhase;
			buildActionMask = 2147483647;
			files = (
				449A6199219B756F004E55BD /* TaskDetailsVC.swift in Sources */,
				448695C521974C260018B119 /* LoginVC.swift in Sources */,
				44592399219898300007DE11 /* MessagesVC.swift in Sources */,
				44835B7221A1CD2900FDF2AA /* ReviewCell.swift in Sources */,
				4459239021988E9A0007DE11 /* CustomImageView.swift in Sources */,
				445923A02198996E0007DE11 /* Juggler.swift in Sources */,
				4458DC9321A5BB900063A925 /* UserProfileHeader.swift in Sources */,
				44592395219897460007DE11 /* JugglerProfileVC.swift in Sources */,
				4458DC9521A5BC0F0063A925 /* PendingTaskCell.swift in Sources */,
				44597CF7219C1F3000AA1D23 /* TaskLocationMapVC.swift in Sources */,
				44592392219895FD0007DE11 /* MainTabBarController.swift in Sources */,
				445B22942197665300C50ED0 /* SignupVC.swift in Sources */,
				44835B6E21A1CAA400FDF2AA /* Review.swift in Sources */,
				44835B6821A1A96000FDF2AA /* CompletedTaskCell.swift in Sources */,
				445923A221989D830007DE11 /* ApplicationPendingVC.swift in Sources */,
				4457FA9321986B0700EB193A /* ApplicationStepsVC.swift in Sources */,
				445B22902197641600C50ED0 /* Extensions.swift in Sources */,
				445B2297219766DF00C50ED0 /* SignupRequirementsVC.swift in Sources */,
				448695C321974C260018B119 /* AppDelegate.swift in Sources */,
				4459239D219898C80007DE11 /* ViewTasksVC.swift in Sources */,
				4466F2D321A04E1E00E0A8AC /* AcceptedTaskCell.swift in Sources */,
				44597CFA219C237B00AA1D23 /* ChatLogVC.swift in Sources */,
				445B22922197654600C50ED0 /* Constants.swift in Sources */,
				449A6190219B65E4004E55BD /* ChooseTaskCategoryHeadereCell.swift in Sources */,
				442DA7B221B4276800190CB5 /* TermsAndConditions.swift in Sources */,
				444B5572219DD65D00B4605F /* MessageTableViewCell.swift in Sources */,
				4458DC8F21A5BAC10063A925 /* UserProfileVC.swift in Sources */,
				44597CFC219C243D00AA1D23 /* ChatMessageCell.swift in Sources */,
				449A6192219B686F004E55BD /* Task.swift in Sources */,
				449A6195219B6DC8004E55BD /* TaskCell.swift in Sources */,
				44597CFE219C2CCC00AA1D23 /* Message.swift in Sources */,
				4464038E219B559000D201A4 /* JugglerProfileHeaderCell.swift in Sources */,
				449A6197219B6E8A004E55BD /* User.swift in Sources */,
			);
			runOnlyForDeploymentPostprocessing = 0;
		};
/* End PBXSourcesBuildPhase section */

/* Begin PBXVariantGroup section */
		448695C621974C260018B119 /* Main.storyboard */ = {
			isa = PBXVariantGroup;
			children = (
				448695C721974C260018B119 /* Base */,
			);
			name = Main.storyboard;
			sourceTree = "<group>";
		};
		448695CB21974C270018B119 /* LaunchScreen.storyboard */ = {
			isa = PBXVariantGroup;
			children = (
				448695CC21974C270018B119 /* Base */,
			);
			name = LaunchScreen.storyboard;
			sourceTree = "<group>";
		};
/* End PBXVariantGroup section */

/* Begin XCBuildConfiguration section */
		448695CF21974C270018B119 /* Debug */ = {
			isa = XCBuildConfiguration;
			buildSettings = {
				ALWAYS_SEARCH_USER_PATHS = NO;
				CLANG_ANALYZER_NONNULL = YES;
				CLANG_ANALYZER_NUMBER_OBJECT_CONVERSION = YES_AGGRESSIVE;
				CLANG_CXX_LANGUAGE_STANDARD = "gnu++14";
				CLANG_CXX_LIBRARY = "libc++";
				CLANG_ENABLE_MODULES = YES;
				CLANG_ENABLE_OBJC_ARC = YES;
				CLANG_ENABLE_OBJC_WEAK = YES;
				CLANG_WARN_BLOCK_CAPTURE_AUTORELEASING = YES;
				CLANG_WARN_BOOL_CONVERSION = YES;
				CLANG_WARN_COMMA = YES;
				CLANG_WARN_CONSTANT_CONVERSION = YES;
				CLANG_WARN_DEPRECATED_OBJC_IMPLEMENTATIONS = YES;
				CLANG_WARN_DIRECT_OBJC_ISA_USAGE = YES_ERROR;
				CLANG_WARN_DOCUMENTATION_COMMENTS = YES;
				CLANG_WARN_EMPTY_BODY = YES;
				CLANG_WARN_ENUM_CONVERSION = YES;
				CLANG_WARN_INFINITE_RECURSION = YES;
				CLANG_WARN_INT_CONVERSION = YES;
				CLANG_WARN_NON_LITERAL_NULL_CONVERSION = YES;
				CLANG_WARN_OBJC_IMPLICIT_RETAIN_SELF = YES;
				CLANG_WARN_OBJC_LITERAL_CONVERSION = YES;
				CLANG_WARN_OBJC_ROOT_CLASS = YES_ERROR;
				CLANG_WARN_RANGE_LOOP_ANALYSIS = YES;
				CLANG_WARN_STRICT_PROTOTYPES = YES;
				CLANG_WARN_SUSPICIOUS_MOVE = YES;
				CLANG_WARN_UNGUARDED_AVAILABILITY = YES_AGGRESSIVE;
				CLANG_WARN_UNREACHABLE_CODE = YES;
				CLANG_WARN__DUPLICATE_METHOD_MATCH = YES;
				CODE_SIGN_IDENTITY = "iPhone Developer";
				COPY_PHASE_STRIP = NO;
				DEBUG_INFORMATION_FORMAT = dwarf;
				ENABLE_STRICT_OBJC_MSGSEND = YES;
				ENABLE_TESTABILITY = YES;
				GCC_C_LANGUAGE_STANDARD = gnu11;
				GCC_DYNAMIC_NO_PIC = NO;
				GCC_NO_COMMON_BLOCKS = YES;
				GCC_OPTIMIZATION_LEVEL = 0;
				GCC_PREPROCESSOR_DEFINITIONS = (
					"DEBUG=1",
					"$(inherited)",
				);
				GCC_WARN_64_TO_32_BIT_CONVERSION = YES;
				GCC_WARN_ABOUT_RETURN_TYPE = YES_ERROR;
				GCC_WARN_UNDECLARED_SELECTOR = YES;
				GCC_WARN_UNINITIALIZED_AUTOS = YES_AGGRESSIVE;
				GCC_WARN_UNUSED_FUNCTION = YES;
				GCC_WARN_UNUSED_VARIABLE = YES;
				IPHONEOS_DEPLOYMENT_TARGET = 12.1;
				MTL_ENABLE_DEBUG_INFO = INCLUDE_SOURCE;
				MTL_FAST_MATH = YES;
				ONLY_ACTIVE_ARCH = YES;
				SDKROOT = iphoneos;
				SWIFT_ACTIVE_COMPILATION_CONDITIONS = DEBUG;
				SWIFT_OPTIMIZATION_LEVEL = "-Onone";
			};
			name = Debug;
		};
		448695D021974C270018B119 /* Release */ = {
			isa = XCBuildConfiguration;
			buildSettings = {
				ALWAYS_SEARCH_USER_PATHS = NO;
				CLANG_ANALYZER_NONNULL = YES;
				CLANG_ANALYZER_NUMBER_OBJECT_CONVERSION = YES_AGGRESSIVE;
				CLANG_CXX_LANGUAGE_STANDARD = "gnu++14";
				CLANG_CXX_LIBRARY = "libc++";
				CLANG_ENABLE_MODULES = YES;
				CLANG_ENABLE_OBJC_ARC = YES;
				CLANG_ENABLE_OBJC_WEAK = YES;
				CLANG_WARN_BLOCK_CAPTURE_AUTORELEASING = YES;
				CLANG_WARN_BOOL_CONVERSION = YES;
				CLANG_WARN_COMMA = YES;
				CLANG_WARN_CONSTANT_CONVERSION = YES;
				CLANG_WARN_DEPRECATED_OBJC_IMPLEMENTATIONS = YES;
				CLANG_WARN_DIRECT_OBJC_ISA_USAGE = YES_ERROR;
				CLANG_WARN_DOCUMENTATION_COMMENTS = YES;
				CLANG_WARN_EMPTY_BODY = YES;
				CLANG_WARN_ENUM_CONVERSION = YES;
				CLANG_WARN_INFINITE_RECURSION = YES;
				CLANG_WARN_INT_CONVERSION = YES;
				CLANG_WARN_NON_LITERAL_NULL_CONVERSION = YES;
				CLANG_WARN_OBJC_IMPLICIT_RETAIN_SELF = YES;
				CLANG_WARN_OBJC_LITERAL_CONVERSION = YES;
				CLANG_WARN_OBJC_ROOT_CLASS = YES_ERROR;
				CLANG_WARN_RANGE_LOOP_ANALYSIS = YES;
				CLANG_WARN_STRICT_PROTOTYPES = YES;
				CLANG_WARN_SUSPICIOUS_MOVE = YES;
				CLANG_WARN_UNGUARDED_AVAILABILITY = YES_AGGRESSIVE;
				CLANG_WARN_UNREACHABLE_CODE = YES;
				CLANG_WARN__DUPLICATE_METHOD_MATCH = YES;
				CODE_SIGN_IDENTITY = "iPhone Developer";
				COPY_PHASE_STRIP = NO;
				DEBUG_INFORMATION_FORMAT = "dwarf-with-dsym";
				ENABLE_NS_ASSERTIONS = NO;
				ENABLE_STRICT_OBJC_MSGSEND = YES;
				GCC_C_LANGUAGE_STANDARD = gnu11;
				GCC_NO_COMMON_BLOCKS = YES;
				GCC_WARN_64_TO_32_BIT_CONVERSION = YES;
				GCC_WARN_ABOUT_RETURN_TYPE = YES_ERROR;
				GCC_WARN_UNDECLARED_SELECTOR = YES;
				GCC_WARN_UNINITIALIZED_AUTOS = YES_AGGRESSIVE;
				GCC_WARN_UNUSED_FUNCTION = YES;
				GCC_WARN_UNUSED_VARIABLE = YES;
				IPHONEOS_DEPLOYMENT_TARGET = 12.1;
				MTL_ENABLE_DEBUG_INFO = NO;
				MTL_FAST_MATH = YES;
				SDKROOT = iphoneos;
				SWIFT_COMPILATION_MODE = wholemodule;
				SWIFT_OPTIMIZATION_LEVEL = "-O";
				VALIDATE_PRODUCT = YES;
			};
			name = Release;
		};
		448695D221974C270018B119 /* Debug */ = {
			isa = XCBuildConfiguration;
			baseConfigurationReference = CF2A1CFA3A599861B1A7AB7F /* Pods-Juggler-LITU.debug.xcconfig */;
			buildSettings = {
				ASSETCATALOG_COMPILER_APPICON_NAME = AppIcon;
				CODE_SIGN_STYLE = Automatic;
				DEVELOPMENT_TEAM = 6ZT386G464;
				INFOPLIST_FILE = "Juggler-LITU/Info.plist";
				IPHONEOS_DEPLOYMENT_TARGET = 11.0;
				LD_RUNPATH_SEARCH_PATHS = (
					"$(inherited)",
					"@executable_path/Frameworks",
				);
				PRODUCT_BUNDLE_IDENTIFIER = "com.NathanielRemy.Juggler-LITU";
				PRODUCT_NAME = "$(TARGET_NAME)";
				SWIFT_VERSION = 5.0;
				TARGETED_DEVICE_FAMILY = 1;
			};
			name = Debug;
		};
		448695D321974C270018B119 /* Release */ = {
			isa = XCBuildConfiguration;
			baseConfigurationReference = A18BDA98CEE1A7498F206F22 /* Pods-Juggler-LITU.release.xcconfig */;
			buildSettings = {
				ASSETCATALOG_COMPILER_APPICON_NAME = AppIcon;
				CODE_SIGN_STYLE = Automatic;
				DEVELOPMENT_TEAM = 6ZT386G464;
				INFOPLIST_FILE = "Juggler-LITU/Info.plist";
				IPHONEOS_DEPLOYMENT_TARGET = 11.0;
				LD_RUNPATH_SEARCH_PATHS = (
					"$(inherited)",
					"@executable_path/Frameworks",
				);
				PRODUCT_BUNDLE_IDENTIFIER = "com.NathanielRemy.Juggler-LITU";
				PRODUCT_NAME = "$(TARGET_NAME)";
				SWIFT_VERSION = 5.0;
				TARGETED_DEVICE_FAMILY = 1;
			};
			name = Release;
		};
/* End XCBuildConfiguration section */

/* Begin XCConfigurationList section */
		448695BA21974C260018B119 /* Build configuration list for PBXProject "Juggler-LITU" */ = {
			isa = XCConfigurationList;
			buildConfigurations = (
				448695CF21974C270018B119 /* Debug */,
				448695D021974C270018B119 /* Release */,
			);
			defaultConfigurationIsVisible = 0;
			defaultConfigurationName = Release;
		};
		448695D121974C270018B119 /* Build configuration list for PBXNativeTarget "Juggler-LITU" */ = {
			isa = XCConfigurationList;
			buildConfigurations = (
				448695D221974C270018B119 /* Debug */,
				448695D321974C270018B119 /* Release */,
			);
			defaultConfigurationIsVisible = 0;
			defaultConfigurationName = Release;
		};
/* End XCConfigurationList section */
	};
	rootObject = 448695B721974C260018B119 /* Project object */;
}
